{
  "name": "cypherdotjs",
  "version": "1.0.10",
  "lockfileVersion": 3,
  "requires": true,
  "packages": {
    "": {
      "name": "cypherdotjs",
      "version": "1.0.10",
      "license": "GPL-3.0-or-later",
      "dependencies": {
        "cypherdotjs": "^1.0.4"
      },
      "bin": {
        "cypher": "index.js"
      }
    },
    "node_modules/cypherdotjs": {
      "version": "1.0.4",
      "resolved": "https://registry.npmjs.org/cypherdotjs/-/cypherdotjs-1.0.4.tgz",
      "integrity": "sha512-PWauiAwPQvuozfHwF5coi2YinE4yiqVIufO+GNun2OQt45HsvEYj3Z4E07wHOgeVy2RxAvpacDh8fiar7rWX/A==",
      "license": "GPL-3.0-or-later",
      "bin": {
        "cypher": "index.js"
      }
    }
  }
}
